
Microsoft Visual Studio Solution File, Format Version 12.00
# Visual Studio Version 17
VisualStudioVersion = 17.0.31903.59
MinimumVisualStudioVersion = 10.0.40219.1
Project("{2150E333-8FDC-42A3-9474-1A3956D46DE8}") = "native", "native", "{2F2BA0B1-8447-348E-8DA4-622F0257D38B}"
EndProject
Project("{FAE04EC0-301F-11D3-BF4B-00C04F79EFBC}") = "CodexLocalRetrieval.Core", "native\CodexLocalRetrieval.Core\CodexLocalRetrieval.Core.csproj", "{9DB9F013-8752-43B5-AF03-14FDFCCF88A2}"
EndProject
Project("{FAE04EC0-301F-11D3-BF4B-00C04F79EFBC}") = "CodexLocalRetrieval.Native", "native\CodexLocalRetrieval.Native\CodexLocalRetrieval.Native.csproj", "{7419DB9D-EF44-41C0-BA6E-2D14F7DD390B}"
EndProject
Project("{FAE04EC0-301F-11D3-BF4B-00C04F79EFBC}") = "CodexLocalRetrieval.Native.Tests", "native\CodexLocalRetrieval.Native.Tests\CodexLocalRetrieval.Native.Tests.csproj", "{585B547D-A653-4701-9AD6-E0E745CDBE5B}"
EndProject
Project("{FAE04EC0-301F-11D3-BF4B-00C04F79EFBC}") = "CodexLocalRetrieval.Server", "native\CodexLocalRetrieval.Server\CodexLocalRetrieval.Server.csproj", "{006E5531-8DA6-42A9-BC1C-CB1723CB2E36}"
EndProject
Project("{FAE04EC0-301F-11D3-BF4B-00C04F79EFBC}") = "CodexLocalRetrieval.ProcessJobProbe", "native\CodexLocalRetrieval.ProcessJobProbe\CodexLocalRetrieval.ProcessJobProbe.csproj", "{2DF7DC1B-B8B1-4588-9928-DB3391513F92}"
EndProject
Global
	GlobalSection(SolutionConfigurationPlatforms) = preSolution
		Debug|Any CPU = Debug|Any CPU
		Debug|x64 = Debug|x64
		Debug|x86 = Debug|x86
		Release|Any CPU = Release|Any CPU
		Release|x64 = Release|x64
		Release|x86 = Release|x86
	EndGlobalSection
	GlobalSection(ProjectConfigurationPlatforms) = postSolution
		{9DB9F013-8752-43B5-AF03-14FDFCCF88A2}.Debug|Any CPU.ActiveCfg = Debug|Any CPU
		{9DB9F013-8752-43B5-AF03-14FDFCCF88A2}.Debug|Any CPU.Build.0 = Debug|Any CPU
		{9DB9F013-8752-43B5-AF03-14FDFCCF88A2}.Debug|x64.ActiveCfg = Debug|Any CPU
		{9DB9F013-8752-43B5-AF03-14FDFCCF88A2}.Debug|x64.Build.0 = Debug|Any CPU
		{9DB9F013-8752-43B5-AF03-14FDFCCF88A2}.Debug|x86.ActiveCfg = Debug|Any CPU
		{9DB9F013-8752-43B5-AF03-14FDFCCF88A2}.Debug|x86.Build.0 = Debug|Any CPU
		{9DB9F013-8752-43B5-AF03-14FDFCCF88A2}.Release|Any CPU.ActiveCfg = Release|Any CPU
		{9DB9F013-8752-43B5-AF03-14FDFCCF88A2}.Release|Any CPU.Build.0 = Release|Any CPU
		{9DB9F013-8752-43B5-AF03-14FDFCCF88A2}.Release|x64.ActiveCfg = Release|Any CPU
		{9DB9F013-8752-43B5-AF03-14FDFCCF88A2}.Release|x64.Build.0 = Release|Any CPU
		{9DB9F013-8752-43B5-AF03-14FDFCCF88A2}.Release|x86.ActiveCfg = Release|Any CPU
		{9DB9F013-8752-43B5-AF03-14FDFCCF88A2}.Release|x86.Build.0 = Release|Any CPU
		{7419DB9D-EF44-41C0-BA6E-2D14F7DD390B}.Debug|Any CPU.ActiveCfg = Debug|x86
		{7419DB9D-EF44-41C0-BA6E-2D14F7DD390B}.Debug|Any CPU.Build.0 = Debug|x86
		{7419DB9D-EF44-41C0-BA6E-2D14F7DD390B}.Debug|x64.ActiveCfg = Debug|x64
		{7419DB9D-EF44-41C0-BA6E-2D14F7DD390B}.Debug|x64.Build.0 = Debug|x64
		{7419DB9D-EF44-41C0-BA6E-2D14F7DD390B}.Debug|x86.ActiveCfg = Debug|x86
		{7419DB9D-EF44-41C0-BA6E-2D14F7DD390B}.Debug|x86.Build.0 = Debug|x86
		{7419DB9D-EF44-41C0-BA6E-2D14F7DD390B}.Release|Any CPU.ActiveCfg = Release|x86
		{7419DB9D-EF44-41C0-BA6E-2D14F7DD390B}.Release|Any CPU.Build.0 = Release|x86
		{7419DB9D-EF44-41C0-BA6E-2D14F7DD390B}.Release|x64.ActiveCfg = Release|x64
		{7419DB9D-EF44-41C0-BA6E-2D14F7DD390B}.Release|x64.Build.0 = Release|x64
		{7419DB9D-EF44-41C0-BA6E-2D14F7DD390B}.Release|x86.ActiveCfg = Release|x86
		{7419DB9D-EF44-41C0-BA6E-2D14F7DD390B}.Release|x86.Build.0 = Release|x86
		{585B547D-A653-4701-9AD6-E0E745CDBE5B}.Debug|Any CPU.ActiveCfg = Debug|Any CPU
		{585B547D-A653-4701-9AD6-E0E745CDBE5B}.Debug|Any CPU.Build.0 = Debug|Any CPU
		{585B547D-A653-4701-9AD6-E0E745CDBE5B}.Debug|x64.ActiveCfg = Debug|Any CPU
		{585B547D-A653-4701-9AD6-E0E745CDBE5B}.Debug|x64.Build.0 = Debug|Any CPU
		{585B547D-A653-4701-9AD6-E0E745CDBE5B}.Debug|x86.ActiveCfg = Debug|Any CPU
		{585B547D-A653-4701-9AD6-E0E745CDBE5B}.Debug|x86.Build.0 = Debug|Any CPU
		{585B547D-A653-4701-9AD6-E0E745CDBE5B}.Release|Any CPU.ActiveCfg = Release|Any CPU
		{585B547D-A653-4701-9AD6-E0E745CDBE5B}.Release|Any CPU.Build.0 = Release|Any CPU
		{585B547D-A653-4701-9AD6-E0E745CDBE5B}.Release|x64.ActiveCfg = Release|Any CPU
		{585B547D-A653-4701-9AD6-E0E745CDBE5B}.Release|x64.Build.0 = Release|Any CPU
		{585B547D-A653-4701-9AD6-E0E745CDBE5B}.Release|x86.ActiveCfg = Release|Any CPU
		{585B547D-A653-4701-9AD6-E0E745CDBE5B}.Release|x86.Build.0 = Release|Any CPU
		{006E5531-8DA6-42A9-BC1C-CB1723CB2E36}.Debug|Any CPU.ActiveCfg = Debug|Any CPU
		{006E5531-8DA6-42A9-BC1C-CB1723CB2E36}.Debug|Any CPU.Build.0 = Debug|Any CPU
		{006E5531-8DA6-42A9-BC1C-CB1723CB2E36}.Debug|x64.ActiveCfg = Debug|Any CPU
		{006E5531-8DA6-42A9-BC1C-CB1723CB2E36}.Debug|x64.Build.0 = Debug|Any CPU
		{006E5531-8DA6-42A9-BC1C-CB1723CB2E36}.Debug|x86.ActiveCfg = Debug|Any CPU
		{006E5531-8DA6-42A9-BC1C-CB1723CB2E36}.Debug|x86.Build.0 = Debug|Any CPU
		{006E5531-8DA6-42A9-BC1C-CB1723CB2E36}.Release|Any CPU.ActiveCfg = Release|Any CPU
		{006E5531-8DA6-42A9-BC1C-CB1723CB2E36}.Release|Any CPU.Build.0 = Release|Any CPU
		{006E5531-8DA6-42A9-BC1C-CB1723CB2E36}.Release|x64.ActiveCfg = Release|Any CPU
		{006E5531-8DA6-42A9-BC1C-CB1723CB2E36}.Release|x64.Build.0 = Release|Any CPU
		{006E5531-8DA6-42A9-BC1C-CB1723CB2E36}.Release|x86.ActiveCfg = Release|Any CPU
		{006E5531-8DA6-42A9-BC1C-CB1723CB2E36}.Release|x86.Build.0 = Release|Any CPU
		{2DF7DC1B-B8B1-4588-9928-DB3391513F92}.Debug|Any CPU.ActiveCfg = Debug|Any CPU
		{2DF7DC1B-B8B1-4588-9928-DB3391513F92}.Debug|Any CPU.Build.0 = Debug|Any CPU
		{2DF7DC1B-B8B1-4588-9928-DB3391513F92}.Debug|x64.ActiveCfg = Debug|Any CPU
		{2DF7DC1B-B8B1-4588-9928-DB3391513F92}.Debug|x64.Build.0 = Debug|Any CPU
		{2DF7DC1B-B8B1-4588-9928-DB3391513F92}.Debug|x86.ActiveCfg = Debug|Any CPU
		{2DF7DC1B-B8B1-4588-9928-DB3391513F92}.Debug|x86.Build.0 = Debug|Any CPU
		{2DF7DC1B-B8B1-4588-9928-DB3391513F92}.Release|Any CPU.ActiveCfg = Release|Any CPU
		{2DF7DC1B-B8B1-4588-9928-DB3391513F92}.Release|Any CPU.Build.0 = Release|Any CPU
		{2DF7DC1B-B8B1-4588-9928-DB3391513F92}.Release|x64.ActiveCfg = Release|Any CPU
		{2DF7DC1B-B8B1-4588-9928-DB3391513F92}.Release|x64.Build.0 = Release|Any CPU
		{2DF7DC1B-B8B1-4588-9928-DB3391513F92}.Release|x86.ActiveCfg = Release|Any CPU
		{2DF7DC1B-B8B1-4588-9928-DB3391513F92}.Release|x86.Build.0 = Release|Any CPU
	EndGlobalSection
	GlobalSection(SolutionProperties) = preSolution
		HideSolutionNode = FALSE
	EndGlobalSection
	GlobalSection(NestedProjects) = preSolution
		{9DB9F013-8752-43B5-AF03-14FDFCCF88A2} = {2F2BA0B1-8447-348E-8DA4-622F0257D38B}
		{7419DB9D-EF44-41C0-BA6E-2D14F7DD390B} = {2F2BA0B1-8447-348E-8DA4-622F0257D38B}
		{585B547D-A653-4701-9AD6-E0E745CDBE5B} = {2F2BA0B1-8447-348E-8DA4-622F0257D38B}
		{006E5531-8DA6-42A9-BC1C-CB1723CB2E36} = {2F2BA0B1-8447-348E-8DA4-622F0257D38B}
		{2DF7DC1B-B8B1-4588-9928-DB3391513F92} = {2F2BA0B1-8447-348E-8DA4-622F0257D38B}
	EndGlobalSection
EndGlobal
